
Microsoft Visual Studio Solution File, Format Version 12.00
# Visual Studio Version 17
VisualStudioVersion = 17.7.34221.43
MinimumVisualStudioVersion = 10.0.40219.1
Project("{FAE04EC0-301F-11D3-BF4B-00C04F79EFBC}") = "SummerProject_CAST", "SummerProject_CAST.csproj", "{2ED8CFBF-4A52-4AB8-8FF1-DB9450267F32}"
EndProject
Global
	GlobalSection(SolutionConfigurationPlatforms) = preSolution
		Debug|Any CPU = Debug|Any CPU
		Release|Any CPU = Release|Any CPU
	EndGlobalSection
	GlobalSection(ProjectConfigurationPlatforms) = postSolution
		{2ED8CFBF-4A52-4AB8-8FF1-DB9450267F32}.Debug|Any CPU.ActiveCfg = Debug|Any CPU
		{2ED8CFBF-4A52-4AB8-8FF1-DB9450267F32}.Debug|Any CPU.Build.0 = Debug|Any CPU
		{2ED8CFBF-4A52-4AB8-8FF1-DB9450267F32}.Release|Any CPU.ActiveCfg = Release|Any CPU
		{2ED8CFBF-4A52-4AB8-8FF1-DB9450267F32}.Release|Any CPU.Build.0 = Release|Any CPU
	EndGlobalSection
	GlobalSection(SolutionProperties) = preSolution
		HideSolutionNode = FALSE
	EndGlobalSection
	GlobalSection(ExtensibilityGlobals) = postSolution
		SolutionGuid = {B57E78CB-B938-4146-B204-E0C1E24EB18D}
	EndGlobalSection
EndGlobal
